
Microsoft Visual Studio Solution File, Format Version 12.00
# Visual Studio Version 17
VisualStudioVersion = 17.3.32922.545
MinimumVisualStudioVersion = 10.0.40219.1
Project("{FAE04EC0-301F-11D3-BF4B-00C04F79EFBC}") = "HCI-ZdravstveniInformacioniSistem", "HCI-ZdravstveniInformacioniSistem\HCI-ZdravstveniInformacioniSistem.csproj", "{E896C089-A353-44A8-BF87-AF63BE866696}"
EndProject
Project("{FAE04EC0-301F-11D3-BF4B-00C04F79EFBC}") = "HCI-ZIS-Library", "HCI-ZIS-Library\HCI-ZIS-Library.csproj", "{B7F6B784-15DD-4728-B2A4-F7EA4915398C}"
EndProject
Project("{FAE04EC0-301F-11D3-BF4B-00C04F79EFBC}") = "Test", "Test\Test.csproj", "{907F00C2-324A-472A-997B-BBD40AB6BBDC}"
EndProject
Global
	GlobalSection(SolutionConfigurationPlatforms) = preSolution
		Debug|Any CPU = Debug|Any CPU
		Release|Any CPU = Release|Any CPU
	EndGlobalSection
	GlobalSection(ProjectConfigurationPlatforms) = postSolution
		{E896C089-A353-44A8-BF87-AF63BE866696}.Debug|Any CPU.ActiveCfg = Debug|Any CPU
		{E896C089-A353-44A8-BF87-AF63BE866696}.Debug|Any CPU.Build.0 = Debug|Any CPU
		{E896C089-A353-44A8-BF87-AF63BE866696}.Release|Any CPU.ActiveCfg = Release|Any CPU
		{E896C089-A353-44A8-BF87-AF63BE866696}.Release|Any CPU.Build.0 = Release|Any CPU
		{B7F6B784-15DD-4728-B2A4-F7EA4915398C}.Debug|Any CPU.ActiveCfg = Debug|Any CPU
		{B7F6B784-15DD-4728-B2A4-F7EA4915398C}.Debug|Any CPU.Build.0 = Debug|Any CPU
		{B7F6B784-15DD-4728-B2A4-F7EA4915398C}.Release|Any CPU.ActiveCfg = Release|Any CPU
		{B7F6B784-15DD-4728-B2A4-F7EA4915398C}.Release|Any CPU.Build.0 = Release|Any CPU
		{907F00C2-324A-472A-997B-BBD40AB6BBDC}.Debug|Any CPU.ActiveCfg = Debug|Any CPU
		{907F00C2-324A-472A-997B-BBD40AB6BBDC}.Debug|Any CPU.Build.0 = Debug|Any CPU
		{907F00C2-324A-472A-997B-BBD40AB6BBDC}.Release|Any CPU.ActiveCfg = Release|Any CPU
		{907F00C2-324A-472A-997B-BBD40AB6BBDC}.Release|Any CPU.Build.0 = Release|Any CPU
	EndGlobalSection
	GlobalSection(SolutionProperties) = preSolution
		HideSolutionNode = FALSE
	EndGlobalSection
	GlobalSection(ExtensibilityGlobals) = postSolution
		SolutionGuid = {97D8D5A8-83D5-4F16-B815-97AD6BDE9E29}
	EndGlobalSection
EndGlobal
